
Microsoft Visual Studio Solution File, Format Version 12.00
# Visual Studio 14
VisualStudioVersion = 14.0.25123.0
MinimumVisualStudioVersion = 10.0.40219.1
Project("{FAE04EC0-301F-11D3-BF4B-00C04F79EFBC}") = "css_10_A", "css_10_A\css_10_A.csproj", "{7CDCDB8E-43D5-410F-9199-2CFCBB0093BA}"
EndProject
Project("{FAE04EC0-301F-11D3-BF4B-00C04F79EFBC}") = "css_11_Color_A", "css_11_Color_A\css_11_Color_A.csproj", "{FE5BB72F-6129-484D-8DB4-8108E0418789}"
EndProject
Project("{FAE04EC0-301F-11D3-BF4B-00C04F79EFBC}") = "css_12_Text", "css_12_Text\css_12_Text.csproj", "{A57368A8-61A0-46ED-8480-F6EF814CB970}"
EndProject
Global
	GlobalSection(SolutionConfigurationPlatforms) = preSolution
		Debug|Any CPU = Debug|Any CPU
		Release|Any CPU = Release|Any CPU
	EndGlobalSection
	GlobalSection(ProjectConfigurationPlatforms) = postSolution
		{7CDCDB8E-43D5-410F-9199-2CFCBB0093BA}.Debug|Any CPU.ActiveCfg = Debug|Any CPU
		{7CDCDB8E-43D5-410F-9199-2CFCBB0093BA}.Debug|Any CPU.Build.0 = Debug|Any CPU
		{7CDCDB8E-43D5-410F-9199-2CFCBB0093BA}.Release|Any CPU.ActiveCfg = Release|Any CPU
		{7CDCDB8E-43D5-410F-9199-2CFCBB0093BA}.Release|Any CPU.Build.0 = Release|Any CPU
		{FE5BB72F-6129-484D-8DB4-8108E0418789}.Debug|Any CPU.ActiveCfg = Debug|Any CPU
		{FE5BB72F-6129-484D-8DB4-8108E0418789}.Debug|Any CPU.Build.0 = Debug|Any CPU
		{FE5BB72F-6129-484D-8DB4-8108E0418789}.Release|Any CPU.ActiveCfg = Release|Any CPU
		{FE5BB72F-6129-484D-8DB4-8108E0418789}.Release|Any CPU.Build.0 = Release|Any CPU
		{A57368A8-61A0-46ED-8480-F6EF814CB970}.Debug|Any CPU.ActiveCfg = Debug|Any CPU
		{A57368A8-61A0-46ED-8480-F6EF814CB970}.Debug|Any CPU.Build.0 = Debug|Any CPU
		{A57368A8-61A0-46ED-8480-F6EF814CB970}.Release|Any CPU.ActiveCfg = Release|Any CPU
		{A57368A8-61A0-46ED-8480-F6EF814CB970}.Release|Any CPU.Build.0 = Release|Any CPU
	EndGlobalSection
	GlobalSection(SolutionProperties) = preSolution
		HideSolutionNode = FALSE
	EndGlobalSection
EndGlobal
