
Microsoft Visual Studio Solution File, Format Version 12.00
# Visual Studio 14
VisualStudioVersion = 14.0.25123.0
MinimumVisualStudioVersion = 10.0.40219.1
Project("{FAE04EC0-301F-11D3-BF4B-00C04F79EFBC}") = "L13_5_16", "L13_5_16\L13_5_16.csproj", "{145F88AC-36E7-46B0-8270-656766833682}"
EndProject
Project("{FAE04EC0-301F-11D3-BF4B-00C04F79EFBC}") = "L13_5_16B", "L13_5_16B\L13_5_16B.csproj", "{663730E4-AD1A-4EFA-A2A4-D426FA8DEE1A}"
EndProject
Project("{FAE04EC0-301F-11D3-BF4B-00C04F79EFBC}") = "HomeEx1", "HomeEx1\HomeEx1.csproj", "{41789329-ACAB-4FA6-AFC4-5B782ACE61B5}"
EndProject
Project("{FAE04EC0-301F-11D3-BF4B-00C04F79EFBC}") = "HomeEx2", "HomeEx2\HomeEx2.csproj", "{D62E536B-28EE-42AB-81A6-397456EA8526}"
EndProject
Project("{FAE04EC0-301F-11D3-BF4B-00C04F79EFBC}") = "L17_05_16", "L17_05_16\L17_05_16.csproj", "{66E0964D-5326-46ED-B693-80AC291D5DF5}"
EndProject
Project("{FAE04EC0-301F-11D3-BF4B-00C04F79EFBC}") = "L19_05_16", "L19_05_16\L19_05_16.csproj", "{68E2C5EF-68E2-4D86-94E8-5CEBFCF0AC02}"
EndProject
Global
	GlobalSection(SolutionConfigurationPlatforms) = preSolution
		Debug|Any CPU = Debug|Any CPU
		Release|Any CPU = Release|Any CPU
	EndGlobalSection
	GlobalSection(ProjectConfigurationPlatforms) = postSolution
		{145F88AC-36E7-46B0-8270-656766833682}.Debug|Any CPU.ActiveCfg = Debug|Any CPU
		{145F88AC-36E7-46B0-8270-656766833682}.Debug|Any CPU.Build.0 = Debug|Any CPU
		{145F88AC-36E7-46B0-8270-656766833682}.Release|Any CPU.ActiveCfg = Release|Any CPU
		{145F88AC-36E7-46B0-8270-656766833682}.Release|Any CPU.Build.0 = Release|Any CPU
		{663730E4-AD1A-4EFA-A2A4-D426FA8DEE1A}.Debug|Any CPU.ActiveCfg = Debug|Any CPU
		{663730E4-AD1A-4EFA-A2A4-D426FA8DEE1A}.Debug|Any CPU.Build.0 = Debug|Any CPU
		{663730E4-AD1A-4EFA-A2A4-D426FA8DEE1A}.Release|Any CPU.ActiveCfg = Release|Any CPU
		{663730E4-AD1A-4EFA-A2A4-D426FA8DEE1A}.Release|Any CPU.Build.0 = Release|Any CPU
		{41789329-ACAB-4FA6-AFC4-5B782ACE61B5}.Debug|Any CPU.ActiveCfg = Debug|Any CPU
		{41789329-ACAB-4FA6-AFC4-5B782ACE61B5}.Debug|Any CPU.Build.0 = Debug|Any CPU
		{41789329-ACAB-4FA6-AFC4-5B782ACE61B5}.Release|Any CPU.ActiveCfg = Release|Any CPU
		{41789329-ACAB-4FA6-AFC4-5B782ACE61B5}.Release|Any CPU.Build.0 = Release|Any CPU
		{D62E536B-28EE-42AB-81A6-397456EA8526}.Debug|Any CPU.ActiveCfg = Debug|Any CPU
		{D62E536B-28EE-42AB-81A6-397456EA8526}.Debug|Any CPU.Build.0 = Debug|Any CPU
		{D62E536B-28EE-42AB-81A6-397456EA8526}.Release|Any CPU.ActiveCfg = Release|Any CPU
		{D62E536B-28EE-42AB-81A6-397456EA8526}.Release|Any CPU.Build.0 = Release|Any CPU
		{66E0964D-5326-46ED-B693-80AC291D5DF5}.Debug|Any CPU.ActiveCfg = Debug|Any CPU
		{66E0964D-5326-46ED-B693-80AC291D5DF5}.Debug|Any CPU.Build.0 = Debug|Any CPU
		{66E0964D-5326-46ED-B693-80AC291D5DF5}.Release|Any CPU.ActiveCfg = Release|Any CPU
		{66E0964D-5326-46ED-B693-80AC291D5DF5}.Release|Any CPU.Build.0 = Release|Any CPU
		{68E2C5EF-68E2-4D86-94E8-5CEBFCF0AC02}.Debug|Any CPU.ActiveCfg = Debug|Any CPU
		{68E2C5EF-68E2-4D86-94E8-5CEBFCF0AC02}.Debug|Any CPU.Build.0 = Debug|Any CPU
		{68E2C5EF-68E2-4D86-94E8-5CEBFCF0AC02}.Release|Any CPU.ActiveCfg = Release|Any CPU
		{68E2C5EF-68E2-4D86-94E8-5CEBFCF0AC02}.Release|Any CPU.Build.0 = Release|Any CPU
	EndGlobalSection
	GlobalSection(SolutionProperties) = preSolution
		HideSolutionNode = FALSE
	EndGlobalSection
EndGlobal
